
Microsoft Visual Studio Solution File, Format Version 12.00
# Visual Studio 15
VisualStudioVersion = 15.0.26730.12
MinimumVisualStudioVersion = 10.0.40219.1
Project("{9A19103F-16F7-4668-BE54-9A1E7A4F7556}") = "BundesligaDomain", "BundesligaDomain\BundesligaDomain.csproj", "{36DC24B3-1657-4FA8-A6F5-307FAFF67C69}"
EndProject
Project("{9A19103F-16F7-4668-BE54-9A1E7A4F7556}") = "BundesligaEF", "BundesligaEF\BundesligaEF.csproj", "{3EB7C395-A2B4-49FD-888B-BE52512F90D6}"
EndProject
Project("{9A19103F-16F7-4668-BE54-9A1E7A4F7556}") = "BundesligaWeb", "BundesligaWeb\BundesligaWeb.csproj", "{F1D1409F-7914-4510-AF5E-213585E51159}"
EndProject
Project("{FAE04EC0-301F-11D3-BF4B-00C04F79EFBC}") = "BundesligaServices", "BundesligaServices\BundesligaServices.csproj", "{D194B534-8A51-4AFB-ACFB-D21482867D23}"
EndProject
Global
	GlobalSection(SolutionConfigurationPlatforms) = preSolution
		Debug|Any CPU = Debug|Any CPU
		Release|Any CPU = Release|Any CPU
	EndGlobalSection
	GlobalSection(ProjectConfigurationPlatforms) = postSolution
		{36DC24B3-1657-4FA8-A6F5-307FAFF67C69}.Debug|Any CPU.ActiveCfg = Debug|Any CPU
		{36DC24B3-1657-4FA8-A6F5-307FAFF67C69}.Debug|Any CPU.Build.0 = Debug|Any CPU
		{36DC24B3-1657-4FA8-A6F5-307FAFF67C69}.Release|Any CPU.ActiveCfg = Release|Any CPU
		{36DC24B3-1657-4FA8-A6F5-307FAFF67C69}.Release|Any CPU.Build.0 = Release|Any CPU
		{3EB7C395-A2B4-49FD-888B-BE52512F90D6}.Debug|Any CPU.ActiveCfg = Debug|Any CPU
		{3EB7C395-A2B4-49FD-888B-BE52512F90D6}.Debug|Any CPU.Build.0 = Debug|Any CPU
		{3EB7C395-A2B4-49FD-888B-BE52512F90D6}.Release|Any CPU.ActiveCfg = Release|Any CPU
		{3EB7C395-A2B4-49FD-888B-BE52512F90D6}.Release|Any CPU.Build.0 = Release|Any CPU
		{F1D1409F-7914-4510-AF5E-213585E51159}.Debug|Any CPU.ActiveCfg = Debug|Any CPU
		{F1D1409F-7914-4510-AF5E-213585E51159}.Debug|Any CPU.Build.0 = Debug|Any CPU
		{F1D1409F-7914-4510-AF5E-213585E51159}.Release|Any CPU.ActiveCfg = Release|Any CPU
		{F1D1409F-7914-4510-AF5E-213585E51159}.Release|Any CPU.Build.0 = Release|Any CPU
		{D194B534-8A51-4AFB-ACFB-D21482867D23}.Debug|Any CPU.ActiveCfg = Debug|Any CPU
		{D194B534-8A51-4AFB-ACFB-D21482867D23}.Debug|Any CPU.Build.0 = Debug|Any CPU
		{D194B534-8A51-4AFB-ACFB-D21482867D23}.Release|Any CPU.ActiveCfg = Release|Any CPU
		{D194B534-8A51-4AFB-ACFB-D21482867D23}.Release|Any CPU.Build.0 = Release|Any CPU
	EndGlobalSection
	GlobalSection(SolutionProperties) = preSolution
		HideSolutionNode = FALSE
	EndGlobalSection
	GlobalSection(ExtensibilityGlobals) = postSolution
		SolutionGuid = {A64D9AD7-6808-4D4E-A79B-C329FC9C4A19}
	EndGlobalSection
EndGlobal
